
Microsoft Visual Studio Solution File, Format Version 12.00
# Visual Studio 14
VisualStudioVersion = 14.0.24720.0
MinimumVisualStudioVersion = 10.0.40219.1
Project("{FAE04EC0-301F-11D3-BF4B-00C04F79EFBC}") = "ReadDeviceToCloudMessages", "ReadDeviceToCloudMessages\ReadDeviceToCloudMessages.csproj", "{8AB2E6F8-23C5-47CE-812A-766B8F7D4654}"
EndProject
Project("{FAE04EC0-301F-11D3-BF4B-00C04F79EFBC}") = "ProcessDeviceToCloudMessages", "ProcessDeviceToCloudMessages\ProcessDeviceToCloudMessages.csproj", "{12463F4A-DE96-4CF0-9D37-1DB8A50271BA}"
EndProject
Project("{FAE04EC0-301F-11D3-BF4B-00C04F79EFBC}") = "ProcessD2CInteractiveMessages", "ProcessD2CInteractiveMessages\ProcessD2CInteractiveMessages.csproj", "{98DC6015-A6D5-4318-A9AF-2034F610A941}"
EndProject
Global
	GlobalSection(SolutionConfigurationPlatforms) = preSolution
		Debug|Any CPU = Debug|Any CPU
		Release|Any CPU = Release|Any CPU
	EndGlobalSection
	GlobalSection(ProjectConfigurationPlatforms) = postSolution
		{8AB2E6F8-23C5-47CE-812A-766B8F7D4654}.Debug|Any CPU.ActiveCfg = Debug|Any CPU
		{8AB2E6F8-23C5-47CE-812A-766B8F7D4654}.Debug|Any CPU.Build.0 = Debug|Any CPU
		{8AB2E6F8-23C5-47CE-812A-766B8F7D4654}.Release|Any CPU.ActiveCfg = Release|Any CPU
		{8AB2E6F8-23C5-47CE-812A-766B8F7D4654}.Release|Any CPU.Build.0 = Release|Any CPU
		{12463F4A-DE96-4CF0-9D37-1DB8A50271BA}.Debug|Any CPU.ActiveCfg = Debug|Any CPU
		{12463F4A-DE96-4CF0-9D37-1DB8A50271BA}.Debug|Any CPU.Build.0 = Debug|Any CPU
		{12463F4A-DE96-4CF0-9D37-1DB8A50271BA}.Release|Any CPU.ActiveCfg = Release|Any CPU
		{12463F4A-DE96-4CF0-9D37-1DB8A50271BA}.Release|Any CPU.Build.0 = Release|Any CPU
		{98DC6015-A6D5-4318-A9AF-2034F610A941}.Debug|Any CPU.ActiveCfg = Debug|Any CPU
		{98DC6015-A6D5-4318-A9AF-2034F610A941}.Debug|Any CPU.Build.0 = Debug|Any CPU
		{98DC6015-A6D5-4318-A9AF-2034F610A941}.Release|Any CPU.ActiveCfg = Release|Any CPU
		{98DC6015-A6D5-4318-A9AF-2034F610A941}.Release|Any CPU.Build.0 = Release|Any CPU
	EndGlobalSection
	GlobalSection(SolutionProperties) = preSolution
		HideSolutionNode = FALSE
	EndGlobalSection
EndGlobal
